PODS:
  - Models (0.1.0)
  - Sourcery (1.0.3)
  - SQLite.swift (0.12.2):
    - SQLite.swift/standard (= 0.12.2)
  - SQLite.swift/standard (0.12.2)
  - SwiftLint (0.43.1)
  - SwiftyMocky (4.0.4):
    - Sourcery (~> 1.0.2)
  - "UITextView+Placeholder (1.4.0)"

DEPENDENCIES:
  - Models (from `Models`)
  - SQLite.swift
  - SwiftLint
  - SwiftyMocky
  - "UITextView+Placeholder"

SPEC REPOS:
  trunk:
    - Sourcery
    - SQLite.swift
    - SwiftLint
    - SwiftyMocky
    - "UITextView+Placeholder"

EXTERNAL SOURCES:
  Models:
    :path: Models

SPEC CHECKSUMS:
  Models: 29bf53d19217706ba4e859dca975191c72260a98
  Sourcery: 70a6048014bd4f37ea80e6bd4354d47bf3b760e1
  SQLite.swift: d2b4642190917051ce6bd1d49aab565fe794eea3
  SwiftLint: 99f82d07b837b942dd563c668de129a03fc3fb52
  SwiftyMocky: 1fb3ceca9ded134dad4da58a0f20023d7f685ccf
  "UITextView+Placeholder": d7b0c400921f66523f3a85d74f774512e14f6502

PODFILE CHECKSUM: c035cc583967e61f57dc2da65040bd139ab4ca99

COCOAPODS: 1.10.1
